
Microsoft Visual Studio Solution File, Format Version 12.00
# Visual Studio Version 17
VisualStudioVersion = 17.0.31903.59
MinimumVisualStudioVersion = 10.0.40219.1
Project("{2150E333-8FDC-42A3-9474-1A3956D46DE8}") = "src", "src", "{827E0CD3-B72D-47B6-A68D-7590B98EB39B}"
EndProject
Project("{FAE04EC0-301F-11D3-BF4B-00C04F79EFBC}") = "Vessel", "src\Vessel\Vessel.csproj", "{2797FEE9-81C7-4FB2-AE0F-DACDC28CD6EC}"
EndProject
Project("{2150E333-8FDC-42A3-9474-1A3956D46DE8}") = "tests", "tests", "{0AB3BF05-4346-4AA6-1389-037BE0695223}"
EndProject
Project("{FAE04EC0-301F-11D3-BF4B-00C04F79EFBC}") = "Vessel.Tests", "tests\Vessel.Tests\Vessel.Tests.csproj", "{BD8AA72A-3750-4790-9F0E-792BDEA0F7A1}"
EndProject
Global
	GlobalSection(SolutionConfigurationPlatforms) = preSolution
		Debug|Any CPU = Debug|Any CPU
		Debug|x64 = Debug|x64
		Debug|x86 = Debug|x86
		Release|Any CPU = Release|Any CPU
		Release|x64 = Release|x64
		Release|x86 = Release|x86
	EndGlobalSection
	GlobalSection(ProjectConfigurationPlatforms) = postSolution
		{2797FEE9-81C7-4FB2-AE0F-DACDC28CD6EC}.Debug|Any CPU.ActiveCfg = Debug|Any CPU
		{2797FEE9-81C7-4FB2-AE0F-DACDC28CD6EC}.Debug|Any CPU.Build.0 = Debug|Any CPU
		{2797FEE9-81C7-4FB2-AE0F-DACDC28CD6EC}.Debug|x64.ActiveCfg = Debug|Any CPU
		{2797FEE9-81C7-4FB2-AE0F-DACDC28CD6EC}.Debug|x64.Build.0 = Debug|Any CPU
		{2797FEE9-81C7-4FB2-AE0F-DACDC28CD6EC}.Debug|x86.ActiveCfg = Debug|Any CPU
		{2797FEE9-81C7-4FB2-AE0F-DACDC28CD6EC}.Debug|x86.Build.0 = Debug|Any CPU
		{2797FEE9-81C7-4FB2-AE0F-DACDC28CD6EC}.Release|Any CPU.ActiveCfg = Release|Any CPU
		{2797FEE9-81C7-4FB2-AE0F-DACDC28CD6EC}.Release|Any CPU.Build.0 = Release|Any CPU
		{2797FEE9-81C7-4FB2-AE0F-DACDC28CD6EC}.Release|x64.ActiveCfg = Release|Any CPU
		{2797FEE9-81C7-4FB2-AE0F-DACDC28CD6EC}.Release|x64.Build.0 = Release|Any CPU
		{2797FEE9-81C7-4FB2-AE0F-DACDC28CD6EC}.Release|x86.ActiveCfg = Release|Any CPU
		{2797FEE9-81C7-4FB2-AE0F-DACDC28CD6EC}.Release|x86.Build.0 = Release|Any CPU
		{BD8AA72A-3750-4790-9F0E-792BDEA0F7A1}.Debug|Any CPU.ActiveCfg = Debug|Any CPU
		{BD8AA72A-3750-4790-9F0E-792BDEA0F7A1}.Debug|Any CPU.Build.0 = Debug|Any CPU
		{BD8AA72A-3750-4790-9F0E-792BDEA0F7A1}.Debug|x64.ActiveCfg = Debug|Any CPU
		{BD8AA72A-3750-4790-9F0E-792BDEA0F7A1}.Debug|x64.Build.0 = Debug|Any CPU
		{BD8AA72A-3750-4790-9F0E-792BDEA0F7A1}.Debug|x86.ActiveCfg = Debug|Any CPU
		{BD8AA72A-3750-4790-9F0E-792BDEA0F7A1}.Debug|x86.Build.0 = Debug|Any CPU
		{BD8AA72A-3750-4790-9F0E-792BDEA0F7A1}.Release|Any CPU.ActiveCfg = Release|Any CPU
		{BD8AA72A-3750-4790-9F0E-792BDEA0F7A1}.Release|Any CPU.Build.0 = Release|Any CPU
		{BD8AA72A-3750-4790-9F0E-792BDEA0F7A1}.Release|x64.ActiveCfg = Release|Any CPU
		{BD8AA72A-3750-4790-9F0E-792BDEA0F7A1}.Release|x64.Build.0 = Release|Any CPU
		{BD8AA72A-3750-4790-9F0E-792BDEA0F7A1}.Release|x86.ActiveCfg = Release|Any CPU
		{BD8AA72A-3750-4790-9F0E-792BDEA0F7A1}.Release|x86.Build.0 = Release|Any CPU
	EndGlobalSection
	GlobalSection(SolutionProperties) = preSolution
		HideSolutionNode = FALSE
	EndGlobalSection
	GlobalSection(NestedProjects) = preSolution
		{2797FEE9-81C7-4FB2-AE0F-DACDC28CD6EC} = {827E0CD3-B72D-47B6-A68D-7590B98EB39B}
		{BD8AA72A-3750-4790-9F0E-792BDEA0F7A1} = {0AB3BF05-4346-4AA6-1389-037BE0695223}
	EndGlobalSection
EndGlobal
